// !$*UTF8*$!
{
	archiveVersion = 1;
	classes = {
	};
	objectVersion = 50;
	objects = {

/* Begin PBXBuildFile section */
		1809E9122655108700E92D70 /* AppDelegate.swift in Sources */ = {isa = PBXBuildFile; fileRef = 1809E9112655108700E92D70 /* AppDelegate.swift */; };
		1809E9142655108700E92D70 /* SceneDelegate.swift in Sources */ = {isa = PBXBuildFile; fileRef = 1809E9132655108700E92D70 /* SceneDelegate.swift */; };
		1809E9162655108700E92D70 /* ViewController.swift in Sources */ = {isa = PBXBuildFile; fileRef = 1809E9152655108700E92D70 /* ViewController.swift */; };
		1809E9192655108700E92D70 /* Main.storyboard in Resources */ = {isa = PBXBuildFile; fileRef = 1809E9172655108700E92D70 /* Main.storyboard */; };
		1809E91B2655108900E92D70 /* Assets.xcassets in Resources */ = {isa = PBXBuildFile; fileRef = 1809E91A2655108900E92D70 /* Assets.xcassets */; };
		1809E91E2655108900E92D70 /* LaunchScreen.storyboard in Resources */ = {isa = PBXBuildFile; fileRef = 1809E91C2655108900E92D70 /* LaunchScreen.storyboard */; };
		1809E92A2655216F00E92D70 /* 碼錶.png in Resources */ = {isa = PBXBuildFile; fileRef = 1809E9272655216F00E92D70 /* 碼錶.png */; };
		1809E92B2655216F00E92D70 /* 碼錶@2x.png in Resources */ = {isa = PBXBuildFile; fileRef = 1809E9282655216F00E92D70 /* 碼錶@2x.png */; };
		1809E92C2655216F00E92D70 /* 碼錶@3x.png in Resources */ = {isa = PBXBuildFile; fileRef = 1809E9292655216F00E92D70 /* 碼錶@3x.png */; };
/* End PBXBuildFile section */

/* Begin PBXFileReference section */
		1809E90E2655108700E92D70 /* 秒錶.app */ = {isa = PBXFileReference; explicitFileType = wrapper.application; includeInIndex = 0; path = "秒錶.app"; sourceTree = BUILT_PRODUCTS_DIR; };
		1809E9112655108700E92D70 /* AppDelegate.swift */ = {isa = PBXFileReference; lastKnownFileType = sourcecode.swift; path = AppDelegate.swift; sourceTree = "<group>"; };
		1809E9132655108700E92D70 /* SceneDelegate.swift */ = {isa = PBXFileReference; lastKnownFileType = sourcecode.swift; path = SceneDelegate.swift; sourceTree = "<group>"; };
		1809E9152655108700E92D70 /* ViewController.swift */ = {isa = PBXFileReference; lastKnownFileType = sourcecode.swift; path = ViewController.swift; sourceTree = "<group>"; };
		1809E9182655108700E92D70 /* Base */ = {isa = PBXFileReference; lastKnownFileType = file.storyboard; name = Base; path = Base.lproj/Main.storyboard; sourceTree = "<group>"; };
		1809E91A2655108900E92D70 /* Assets.xcassets */ = {isa = PBXFileReference; lastKnownFileType = folder.assetcatalog; path = Assets.xcassets; sourceTree = "<group>"; };
		1809E91D2655108900E92D70 /* Base */ = {isa = PBXFileReference; lastKnownFileType = file.storyboard; name = Base; path = Base.lproj/LaunchScreen.storyboard; sourceTree = "<group>"; };
		1809E91F2655108900E92D70 /* Info.plist */ = {isa = PBXFileReference; lastKnownFileType = text.plist.xml; path = Info.plist; sourceTree = "<group>"; };
		1809E9272655216F00E92D70 /* 碼錶.png */ = {isa = PBXFileReference; lastKnownFileType = image.png; path = "碼錶.png"; sourceTree = "<group>"; };
		1809E9282655216F00E92D70 /* 碼錶@2x.png */ = {isa = PBXFileReference; lastKnownFileType = image.png; path = "碼錶@2x.png"; sourceTree = "<group>"; };
		1809E9292655216F00E92D70 /* 碼錶@3x.png */ = {isa = PBXFileReference; lastKnownFileType = image.png; path = "碼錶@3x.png"; sourceTree = "<group>"; };
/* End PBXFileReference section */

/* Begin PBXFrameworksBuildPhase section */
		1809E90B2655108700E92D70 /* Frameworks */ = {
			isa = PBXFrameworksBuildPhase;
			buildActionMask = 2147483647;
			files = (
			);
			runOnlyForDeploymentPostprocessing = 0;
		};
/* End PBXFrameworksBuildPhase section */

/* Begin PBXGroup section */
		1809E9052655108600E92D70 = {
			isa = PBXGroup;
			children = (
				1809E9102655108700E92D70 /* 秒錶 */,
				1809E90F2655108700E92D70 /* Products */,
			);
			sourceTree = "<group>";
		};
		1809E90F2655108700E92D70 /* Products */ = {
			isa = PBXGroup;
			children = (
				1809E90E2655108700E92D70 /* 秒錶.app */,
			);
			name = Products;
			sourceTree = "<group>";
		};
		1809E9102655108700E92D70 /* 秒錶 */ = {
			isa = PBXGroup;
			children = (
				1809E9112655108700E92D70 /* AppDelegate.swift */,
				1809E9132655108700E92D70 /* SceneDelegate.swift */,
				1809E9152655108700E92D70 /* ViewController.swift */,
				1809E9172655108700E92D70 /* Main.storyboard */,
				1809E91A2655108900E92D70 /* Assets.xcassets */,
				1809E91C2655108900E92D70 /* LaunchScreen.storyboard */,
				1809E91F2655108900E92D70 /* Info.plist */,
				1809E9262655212D00E92D70 /* image */,
			);
			path = "秒錶";
			sourceTree = "<group>";
		};
		1809E9262655212D00E92D70 /* image */ = {
			isa = PBXGroup;
			children = (
				1809E9272655216F00E92D70 /* 碼錶.png */,
				1809E9282655216F00E92D70 /* 碼錶@2x.png */,
				1809E9292655216F00E92D70 /* 碼錶@3x.png */,
			);
			path = image;
			sourceTree = "<group>";
		};
/* End PBXGroup section */

/* Begin PBXNativeTarget section */
		1809E90D2655108700E92D70 /* 秒錶 */ = {
			isa = PBXNativeTarget;
			buildConfigurationList = 1809E9222655108900E92D70 /* Build configuration list for PBXNativeTarget "秒錶" */;
			buildPhases = (
				1809E90A2655108700E92D70 /* Sources */,
				1809E90B2655108700E92D70 /* Frameworks */,
				1809E90C2655108700E92D70 /* Resources */,
			);
			buildRules = (
			);
			dependencies = (
			);
			name = "秒錶";
			productName = "秒錶";
			productReference = 1809E90E2655108700E92D70 /* 秒錶.app */;
			productType = "com.apple.product-type.application";
		};
/* End PBXNativeTarget section */

/* Begin PBXProject section */
		1809E9062655108600E92D70 /* Project object */ = {
			isa = PBXProject;
			attributes = {
				LastSwiftUpdateCheck = 1240;
				LastUpgradeCheck = 1240;
				TargetAttributes = {
					1809E90D2655108700E92D70 = {
						CreatedOnToolsVersion = 12.4;
					};
				};
			};
			buildConfigurationList = 1809E9092655108600E92D70 /* Build configuration list for PBXProject "秒錶" */;
			compatibilityVersion = "Xcode 9.3";
			developmentRegion = en;
			hasScannedForEncodings = 0;
			knownRegions = (
				en,
				Base,
			);
			mainGroup = 1809E9052655108600E92D70;
			productRefGroup = 1809E90F2655108700E92D70 /* Products */;
			projectDirPath = "";
			projectRoot = "";
			targets = (
				1809E90D2655108700E92D70 /* 秒錶 */,
			);
		};
/* End PBXProject section */

/* Begin PBXResourcesBuildPhase section */
		1809E90C2655108700E92D70 /* Resources */ = {
			isa = PBXResourcesBuildPhase;
			buildActionMask = 2147483647;
			files = (
				1809E91E2655108900E92D70 /* LaunchScreen.storyboard in Resources */,
				1809E92C2655216F00E92D70 /* 碼錶@3x.png in Resources */,
				1809E91B2655108900E92D70 /* Assets.xcassets in Resources */,
				1809E9192655108700E92D70 /* Main.storyboard in Resources */,
				1809E92B2655216F00E92D70 /* 碼錶@2x.png in Resources */,
				1809E92A2655216F00E92D70 /* 碼錶.png in Resources */,
			);
			runOnlyForDeploymentPostprocessing = 0;
		};
/* End PBXResourcesBuildPhase section */

/* Begin PBXSourcesBuildPhase section */
		1809E90A2655108700E92D70 /* Sources */ = {
			isa = PBXSourcesBuildPhase;
			buildActionMask = 2147483647;
			files = (
				1809E9162655108700E92D70 /* ViewController.swift in Sources */,
				1809E9122655108700E92D70 /* AppDelegate.swift in Sources */,
				1809E9142655108700E92D70 /* SceneDelegate.swift in Sources */,
			);
			runOnlyForDeploymentPostprocessing = 0;
		};
/* End PBXSourcesBuildPhase section */

/* Begin PBXVariantGroup section */
		1809E9172655108700E92D70 /* Main.storyboard */ = {
			isa = PBXVariantGroup;
			children = (
				1809E9182655108700E92D70 /* Base */,
			);
			name = Main.storyboard;
			sourceTree = "<group>";
		};
		1809E91C2655108900E92D70 /* LaunchScreen.storyboard */ = {
			isa = PBXVariantGroup;
			children = (
				1809E91D2655108900E92D70 /* Base */,
			);
			name = LaunchScreen.storyboard;
			sourceTree = "<group>";
		};
/* End PBXVariantGroup section */

/* Begin XCBuildConfiguration section */
		1809E9202655108900E92D70 /* Debug */ = {
			isa = XCBuildConfiguration;
			buildSettings = {
				ALWAYS_SEARCH_USER_PATHS = NO;
				CLANG_ANALYZER_NONNULL = YES;
				CLANG_ANALYZER_NUMBER_OBJECT_CONVERSION = YES_AGGRESSIVE;
				CLANG_CXX_LANGUAGE_STANDARD = "gnu++14";
				CLANG_CXX_LIBRARY = "libc++";
				CLANG_ENABLE_MODULES = YES;
				CLANG_ENABLE_OBJC_ARC = YES;
				CLANG_ENABLE_OBJC_WEAK = YES;
				CLANG_WARN_BLOCK_CAPTURE_AUTORELEASING = YES;
				CLANG_WARN_BOOL_CONVERSION = YES;
				CLANG_WARN_COMMA = YES;
				CLANG_WARN_CONSTANT_CONVERSION = YES;
				CLANG_WARN_DEPRECATED_OBJC_IMPLEMENTATIONS = YES;
				CLANG_WARN_DIRECT_OBJC_ISA_USAGE = YES_ERROR;
				CLANG_WARN_DOCUMENTATION_COMMENTS = YES;
				CLANG_WARN_EMPTY_BODY = YES;
				CLANG_WARN_ENUM_CONVERSION = YES;
				CLANG_WARN_INFINITE_RECURSION = YES;
				CLANG_WARN_INT_CONVERSION = YES;
				CLANG_WARN_NON_LITERAL_NULL_CONVERSION = YES;
				CLANG_WARN_OBJC_IMPLICIT_RETAIN_SELF = YES;
				CLANG_WARN_OBJC_LITERAL_CONVERSION = YES;
				CLANG_WARN_OBJC_ROOT_CLASS = YES_ERROR;
				CLANG_WARN_QUOTED_INCLUDE_IN_FRAMEWORK_HEADER = YES;
				CLANG_WARN_RANGE_LOOP_ANALYSIS = YES;
				CLANG_WARN_STRICT_PROTOTYPES = YES;
				CLANG_WARN_SUSPICIOUS_MOVE = YES;
				CLANG_WARN_UNGUARDED_AVAILABILITY = YES_AGGRESSIVE;
				CLANG_WARN_UNREACHABLE_CODE = YES;
				CLANG_WARN__DUPLICATE_METHOD_MATCH = YES;
				COPY_PHASE_STRIP = NO;
				DEBUG_INFORMATION_FORMAT = dwarf;
				ENABLE_STRICT_OBJC_MSGSEND = YES;
				ENABLE_TESTABILITY = YES;
				GCC_C_LANGUAGE_STANDARD = gnu11;
				GCC_DYNAMIC_NO_PIC = NO;
				GCC_NO_COMMON_BLOCKS = YES;
				GCC_OPTIMIZATION_LEVEL = 0;
				GCC_PREPROCESSOR_DEFINITIONS = (
					"DEBUG=1",
					"$(inherited)",
				);
				GCC_WARN_64_TO_32_BIT_CONVERSION = YES;
				GCC_WARN_ABOUT_RETURN_TYPE = YES_ERROR;
				GCC_WARN_UNDECLARED_SELECTOR = YES;
				GCC_WARN_UNINITIALIZED_AUTOS = YES_AGGRESSIVE;
				GCC_WARN_UNUSED_FUNCTION = YES;
				GCC_WARN_UNUSED_VARIABLE = YES;
				IPHONEOS_DEPLOYMENT_TARGET = 14.4;
				MTL_ENABLE_DEBUG_INFO = INCLUDE_SOURCE;
				MTL_FAST_MATH = YES;
				ONLY_ACTIVE_ARCH = YES;
				SDKROOT = iphoneos;
				SWIFT_ACTIVE_COMPILATION_CONDITIONS = DEBUG;
				SWIFT_OPTIMIZATION_LEVEL = "-Onone";
			};
			name = Debug;
		};
		1809E9212655108900E92D70 /* Release */ = {
			isa = XCBuildConfiguration;
			buildSettings = {
				ALWAYS_SEARCH_USER_PATHS = NO;
				CLANG_ANALYZER_NONNULL = YES;
				CLANG_ANALYZER_NUMBER_OBJECT_CONVERSION = YES_AGGRESSIVE;
				CLANG_CXX_LANGUAGE_STANDARD = "gnu++14";
				CLANG_CXX_LIBRARY = "libc++";
				CLANG_ENABLE_MODULES = YES;
				CLANG_ENABLE_OBJC_ARC = YES;
				CLANG_ENABLE_OBJC_WEAK = YES;
				CLANG_WARN_BLOCK_CAPTURE_AUTORELEASING = YES;
				CLANG_WARN_BOOL_CONVERSION = YES;
				CLANG_WARN_COMMA = YES;
				CLANG_WARN_CONSTANT_CONVERSION = YES;
				CLANG_WARN_DEPRECATED_OBJC_IMPLEMENTATIONS = YES;
				CLANG_WARN_DIRECT_OBJC_ISA_USAGE = YES_ERROR;
				CLANG_WARN_DOCUMENTATION_COMMENTS = YES;
				CLANG_WARN_EMPTY_BODY = YES;
				CLANG_WARN_ENUM_CONVERSION = YES;
				CLANG_WARN_INFINITE_RECURSION = YES;
				CLANG_WARN_INT_CONVERSION = YES;
				CLANG_WARN_NON_LITERAL_NULL_CONVERSION = YES;
				CLANG_WARN_OBJC_IMPLICIT_RETAIN_SELF = YES;
				CLANG_WARN_OBJC_LITERAL_CONVERSION = YES;
				CLANG_WARN_OBJC_ROOT_CLASS = YES_ERROR;
				CLANG_WARN_QUOTED_INCLUDE_IN_FRAMEWORK_HEADER = YES;
				CLANG_WARN_RANGE_LOOP_ANALYSIS = YES;
				CLANG_WARN_STRICT_PROTOTYPES = YES;
				CLANG_WARN_SUSPICIOUS_MOVE = YES;
				CLANG_WARN_UNGUARDED_AVAILABILITY = YES_AGGRESSIVE;
				CLANG_WARN_UNREACHABLE_CODE = YES;
				CLANG_WARN__DUPLICATE_METHOD_MATCH = YES;
				COPY_PHASE_STRIP = NO;
				DEBUG_INFORMATION_FORMAT = "dwarf-with-dsym";
				ENABLE_NS_ASSERTIONS = NO;
				ENABLE_STRICT_OBJC_MSGSEND = YES;
				GCC_C_LANGUAGE_STANDARD = gnu11;
				GCC_NO_COMMON_BLOCKS = YES;
				GCC_WARN_64_TO_32_BIT_CONVERSION = YES;
				GCC_WARN_ABOUT_RETURN_TYPE = YES_ERROR;
				GCC_WARN_UNDECLARED_SELECTOR = YES;
				GCC_WARN_UNINITIALIZED_AUTOS = YES_AGGRESSIVE;
				GCC_WARN_UNUSED_FUNCTION = YES;
				GCC_WARN_UNUSED_VARIABLE = YES;
				IPHONEOS_DEPLOYMENT_TARGET = 14.4;
				MTL_ENABLE_DEBUG_INFO = NO;
				MTL_FAST_MATH = YES;
				SDKROOT = iphoneos;
				SWIFT_COMPILATION_MODE = wholemodule;
				SWIFT_OPTIMIZATION_LEVEL = "-O";
				VALIDATE_PRODUCT = YES;
			};
			name = Release;
		};
		1809E9232655108900E92D70 /* Debug */ = {
			isa = XCBuildConfiguration;
			buildSettings = {
				ASSETCATALOG_COMPILER_APPICON_NAME = AppIcon;
				ASSETCATALOG_COMPILER_GLOBAL_ACCENT_COLOR_NAME = AccentColor;
				CODE_SIGN_STYLE = Automatic;
				DEVELOPMENT_TEAM = 3CCWF8D47P;
				INFOPLIST_FILE = "秒錶/Info.plist";
				LD_RUNPATH_SEARCH_PATHS = (
					"$(inherited)",
					"@executable_path/Frameworks",
				);
				PRODUCT_BUNDLE_IDENTIFIER = "com.ArielKo.--";
				PRODUCT_NAME = "$(TARGET_NAME)";
				SWIFT_VERSION = 5.0;
				TARGETED_DEVICE_FAMILY = "1,2";
			};
			name = Debug;
		};
		1809E9242655108900E92D70 /* Release */ = {
			isa = XCBuildConfiguration;
			buildSettings = {
				ASSETCATALOG_COMPILER_APPICON_NAME = AppIcon;
				ASSETCATALOG_COMPILER_GLOBAL_ACCENT_COLOR_NAME = AccentColor;
				CODE_SIGN_STYLE = Automatic;
				DEVELOPMENT_TEAM = 3CCWF8D47P;
				INFOPLIST_FILE = "秒錶/Info.plist";
				LD_RUNPATH_SEARCH_PATHS = (
					"$(inherited)",
					"@executable_path/Frameworks",
				);
				PRODUCT_BUNDLE_IDENTIFIER = "com.ArielKo.--";
				PRODUCT_NAME = "$(TARGET_NAME)";
				SWIFT_VERSION = 5.0;
				TARGETED_DEVICE_FAMILY = "1,2";
			};
			name = Release;
		};
/* End XCBuildConfiguration section */

/* Begin XCConfigurationList section */
		1809E9092655108600E92D70 /* Build configuration list for PBXProject "秒錶" */ = {
			isa = XCConfigurationList;
			buildConfigurations = (
				1809E9202655108900E92D70 /* Debug */,
				1809E9212655108900E92D70 /* Release */,
			);
			defaultConfigurationIsVisible = 0;
			defaultConfigurationName = Release;
		};
		1809E9222655108900E92D70 /* Build configuration list for PBXNativeTarget "秒錶" */ = {
			isa = XCConfigurationList;
			buildConfigurations = (
				1809E9232655108900E92D70 /* Debug */,
				1809E9242655108900E92D70 /* Release */,
			);
			defaultConfigurationIsVisible = 0;
			defaultConfigurationName = Release;
		};
/* End XCConfigurationList section */
	};
	rootObject = 1809E9062655108600E92D70 /* Project object */;
}
